
Microsoft Visual Studio Solution File, Format Version 12.00
# Visual Studio Version 17
VisualStudioVersion = 17.13.35931.197 d17.13
MinimumVisualStudioVersion = 10.0.40219.1
Project("{FAE04EC0-301F-11D3-BF4B-00C04F79EFBC}") = "CelOrdApp", "CelOrdApp\CelOrdApp.csproj", "{7B21D04F-4AF6-4C85-BC9D-F712F5A0EFD9}"
EndProject
Global
	GlobalSection(SolutionConfigurationPlatforms) = preSolution
		Debug|Any CPU = Debug|Any CPU
		Release|Any CPU = Release|Any CPU
	EndGlobalSection
	GlobalSection(ProjectConfigurationPlatforms) = postSolution
		{7B21D04F-4AF6-4C85-BC9D-F712F5A0EFD9}.Debug|Any CPU.ActiveCfg = Debug|Any CPU
		{7B21D04F-4AF6-4C85-BC9D-F712F5A0EFD9}.Debug|Any CPU.Build.0 = Debug|Any CPU
		{7B21D04F-4AF6-4C85-BC9D-F712F5A0EFD9}.Release|Any CPU.ActiveCfg = Release|Any CPU
		{7B21D04F-4AF6-4C85-BC9D-F712F5A0EFD9}.Release|Any CPU.Build.0 = Release|Any CPU
	EndGlobalSection
	GlobalSection(SolutionProperties) = preSolution
		HideSolutionNode = FALSE
	EndGlobalSection
	GlobalSection(ExtensibilityGlobals) = postSolution
		SolutionGuid = {C3EF5F32-2E37-4C77-AEFA-57B8107087C2}
	EndGlobalSection
EndGlobal
